<?xml version="1.0" encoding="utf-8"?>
<Project ToolsVersion="4.0" xmlns="http://schemas.microsoft.com/developer/msbuild/2003">
  <ItemGroup>
    <Filter Include="리소스 파일">
      <UniqueIdentifier>{67DA6AB6-F800-4c08-8B7A-83BB121AAD01}</UniqueIdentifier>
      <Extensions>rc;ico;cur;bmp;dlg;rc2;rct;bin;rgs;gif;jpg;jpeg;jpe;resx;tiff;tif;png;wav;mfcribbon-ms</Extensions>
    </Filter>
    <Filter Include="Set">
      <UniqueIdentifier>{127b79f1-990f-40d2-a41b-904e3618003b}</UniqueIdentifier>
    </Filter>
    <Filter Include="1번 문제">
      <UniqueIdentifier>{1652ffce-e668-438e-8d6c-73c53a946aa3}</UniqueIdentifier>
    </Filter>
  </ItemGroup>
  <ItemGroup>
    <ClInclude Include="Set.h">
      <Filter>Set</Filter>
    </ClInclude>
  </ItemGroup>
  <ItemGroup>
    <ClCompile Include="Set.cpp">
      <Filter>Set</Filter>
    </ClCompile>
  </ItemGroup>
</Project>