<?xml version="1.0" encoding="utf-8"?>
<Project ToolsVersion="4.0" xmlns="http://schemas.microsoft.com/developer/msbuild/2003">
  <ItemGroup>
    <Filter Include="리소스 파일">
      <UniqueIdentifier>{67DA6AB6-F800-4c08-8B7A-83BB121AAD01}</UniqueIdentifier>
      <Extensions>rc;ico;cur;bmp;dlg;rc2;rct;bin;rgs;gif;jpg;jpeg;jpe;resx;tiff;tif;png;wav;mfcribbon-ms</Extensions>
    </Filter>
    <Filter Include="1번 문제">
      <UniqueIdentifier>{cdc35a83-4a80-409a-8426-2ccbe54c9251}</UniqueIdentifier>
    </Filter>
  </ItemGroup>
  <ItemGroup>
    <ClCompile Include="Solution01-1.cpp">
      <Filter>1번 문제</Filter>
    </ClCompile>
    <ClCompile Include="Solution01-2.cpp">
      <Filter>1번 문제</Filter>
    </ClCompile>
    <ClCompile Include="Solution01-3.cpp">
      <Filter>1번 문제</Filter>
    </ClCompile>
    <ClCompile Include="Solution01-4.cpp">
      <Filter>1번 문제</Filter>
    </ClCompile>
    <ClCompile Include="Solution01-5.cpp">
      <Filter>1번 문제</Filter>
    </ClCompile>
    <ClCompile Include="Solution01-6.cpp">
      <Filter>1번 문제</Filter>
    </ClCompile>
    <ClCompile Include="Solution01-7.cpp">
      <Filter>1번 문제</Filter>
    </ClCompile>
    <ClCompile Include="Solution01-8.cpp">
      <Filter>1번 문제</Filter>
    </ClCompile>
    <ClCompile Include="Solution01-9.cpp">
      <Filter>1번 문제</Filter>
    </ClCompile>
  </ItemGroup>
</Project>